
Microsoft Visual Studio Solution File, Format Version 12.00
# Visual Studio Version 17
VisualStudioVersion = 17.8.34511.84
MinimumVisualStudioVersion = 10.0.40219.1
Project("{FAE04EC0-301F-11D3-BF4B-00C04F79EFBC}") = "loginPage", "loginPage\loginPage.csproj", "{36B1D81A-36E7-4C1C-8B8A-D4AB0B9E8E95}"
EndProject
Global
	GlobalSection(SolutionConfigurationPlatforms) = preSolution
		Debug|Any CPU = Debug|Any CPU
		Release|Any CPU = Release|Any CPU
	EndGlobalSection
	GlobalSection(ProjectConfigurationPlatforms) = postSolution
		{36B1D81A-36E7-4C1C-8B8A-D4AB0B9E8E95}.Debug|Any CPU.ActiveCfg = Debug|Any CPU
		{36B1D81A-36E7-4C1C-8B8A-D4AB0B9E8E95}.Debug|Any CPU.Build.0 = Debug|Any CPU
		{36B1D81A-36E7-4C1C-8B8A-D4AB0B9E8E95}.Release|Any CPU.ActiveCfg = Release|Any CPU
		{36B1D81A-36E7-4C1C-8B8A-D4AB0B9E8E95}.Release|Any CPU.Build.0 = Release|Any CPU
	EndGlobalSection
	GlobalSection(SolutionProperties) = preSolution
		HideSolutionNode = FALSE
	EndGlobalSection
	GlobalSection(ExtensibilityGlobals) = postSolution
		SolutionGuid = {6648E5CC-B9E4-4761-8EA6-EF2634D277EA}
	EndGlobalSection
EndGlobal
